// !$*UTF8*$!
{
	archiveVersion = 1;
	classes = {
	};
	objectVersion = 56;
	objects = {

/* Begin PBXBuildFile section */
		8D90809A2C1FE88500DB36AB /* AppDelegate.swift in Sources */ = {isa = PBXBuildFile; fileRef = 8D9080992C1FE88500DB36AB /* AppDelegate.swift */; };
		8D90809C2C1FE88500DB36AB /* SceneDelegate.swift in Sources */ = {isa = PBXBuildFile; fileRef = 8D90809B2C1FE88500DB36AB /* SceneDelegate.swift */; };
		8D9080A12C1FE88500DB36AB /* Main.storyboard in Resources */ = {isa = PBXBuildFile; fileRef = 8D90809F2C1FE88500DB36AB /* Main.storyboard */; };
		8D9080A32C1FE88900DB36AB /* Assets.xcassets in Resources */ = {isa = PBXBuildFile; fileRef = 8D9080A22C1FE88900DB36AB /* Assets.xcassets */; };
		8D9080A62C1FE88900DB36AB /* LaunchScreen.storyboard in Resources */ = {isa = PBXBuildFile; fileRef = 8D9080A42C1FE88900DB36AB /* LaunchScreen.storyboard */; };
		8D9080AE2C1FEA5700DB36AB /* Colors.swift in Sources */ = {isa = PBXBuildFile; fileRef = 8D9080AD2C1FEA5700DB36AB /* Colors.swift */; };
		8D9080B02C1FEA5D00DB36AB /* FlashcardsVC.swift in Sources */ = {isa = PBXBuildFile; fileRef = 8D9080AF2C1FEA5D00DB36AB /* FlashcardsVC.swift */; };
		8D9080B22C1FEA6600DB36AB /* MainPage.swift in Sources */ = {isa = PBXBuildFile; fileRef = 8D9080B12C1FEA6600DB36AB /* MainPage.swift */; };
		8D9080B42C1FEA7800DB36AB /* SetsVC.swift in Sources */ = {isa = PBXBuildFile; fileRef = 8D9080B32C1FEA7800DB36AB /* SetsVC.swift */; };
		8D9080B62C1FEA8000DB36AB /* StandardLearnVC.swift in Sources */ = {isa = PBXBuildFile; fileRef = 8D9080B52C1FEA8000DB36AB /* StandardLearnVC.swift */; };
		8D9080B82C1FEA8400DB36AB /* StandardSetVC.swift in Sources */ = {isa = PBXBuildFile; fileRef = 8D9080B72C1FEA8400DB36AB /* StandardSetVC.swift */; };
		8D9080BA2C1FEA8700DB36AB /* ViewController.swift in Sources */ = {isa = PBXBuildFile; fileRef = 8D9080B92C1FEA8700DB36AB /* ViewController.swift */; };
		8D9080BC2C1FEA9E00DB36AB /* WebEditorVC.swift in Sources */ = {isa = PBXBuildFile; fileRef = 8D9080BB2C1FEA9D00DB36AB /* WebEditorVC.swift */; };
		8D9080BE2C1FEAA100DB36AB /* WebSetVC.swift in Sources */ = {isa = PBXBuildFile; fileRef = 8D9080BD2C1FEAA100DB36AB /* WebSetVC.swift */; };
		8D9080C02C1FEAA600DB36AB /* DrawingEditorVC.swift in Sources */ = {isa = PBXBuildFile; fileRef = 8D9080BF2C1FEAA600DB36AB /* DrawingEditorVC.swift */; };
		8D9080C22C1FEAAB00DB36AB /* layout.swift in Sources */ = {isa = PBXBuildFile; fileRef = 8D9080C12C1FEAAB00DB36AB /* layout.swift */; };
		8D9080C42C1FEAAF00DB36AB /* NewSetVC.swift in Sources */ = {isa = PBXBuildFile; fileRef = 8D9080C32C1FEAAE00DB36AB /* NewSetVC.swift */; };
		8D9080C62C1FEAB400DB36AB /* SettingsVC.swift in Sources */ = {isa = PBXBuildFile; fileRef = 8D9080C52C1FEAB400DB36AB /* SettingsVC.swift */; };
		8D9080C82C1FEAB700DB36AB /* StandardEditorVC.swift in Sources */ = {isa = PBXBuildFile; fileRef = 8D9080C72C1FEAB700DB36AB /* StandardEditorVC.swift */; };
		8D9080CA2C1FEABB00DB36AB /* WebStudyVC.swift in Sources */ = {isa = PBXBuildFile; fileRef = 8D9080C92C1FEABB00DB36AB /* WebStudyVC.swift */; };
		8D9080CC2C1FEABF00DB36AB /* WebTermEditorVC.swift in Sources */ = {isa = PBXBuildFile; fileRef = 8D9080CB2C1FEABF00DB36AB /* WebTermEditorVC.swift */; };
		8D9080CE2C1FEAC200DB36AB /* WebViewerVC.swift in Sources */ = {isa = PBXBuildFile; fileRef = 8D9080CD2C1FEAC200DB36AB /* WebViewerVC.swift */; };
		8DCF23D82C207D2200B0DFA6 /* LilGrotesk[wght].ttf in Resources */ = {isa = PBXBuildFile; fileRef = 8DCF23D72C207D2200B0DFA6 /* LilGrotesk[wght].ttf */; };
		8DCF23DB2C2081B200B0DFA6 /* FirebaseAuth in Frameworks */ = {isa = PBXBuildFile; productRef = 8DCF23DA2C2081B200B0DFA6 /* FirebaseAuth */; };
		8DCF23DD2C2081B200B0DFA6 /* FirebaseFirestore in Frameworks */ = {isa = PBXBuildFile; productRef = 8DCF23DC2C2081B200B0DFA6 /* FirebaseFirestore */; };
		8DCF23DF2C2081B200B0DFA6 /* FirebaseFirestoreSwift in Frameworks */ = {isa = PBXBuildFile; productRef = 8DCF23DE2C2081B200B0DFA6 /* FirebaseFirestoreSwift */; };
		8DCF23E12C2081B200B0DFA6 /* FirebaseStorage in Frameworks */ = {isa = PBXBuildFile; productRef = 8DCF23E02C2081B200B0DFA6 /* FirebaseStorage */; };
		8DCF23E32C2082BB00B0DFA6 /* NewUserVC.swift in Sources */ = {isa = PBXBuildFile; fileRef = 8DCF23E22C2082BB00B0DFA6 /* NewUserVC.swift */; };
		8DE6FA2F2C21DA93004E0C58 /* GoogleService-Info.plist in Resources */ = {isa = PBXBuildFile; fileRef = 8DE6FA2E2C21DA93004E0C58 /* GoogleService-Info.plist */; };
/* End PBXBuildFile section */

/* Begin PBXFileReference section */
		8D9080962C1FE88500DB36AB /* Dendritic Learning.app */ = {isa = PBXFileReference; explicitFileType = wrapper.application; includeInIndex = 0; path = "Dendritic Learning.app"; sourceTree = BUILT_PRODUCTS_DIR; };
		8D9080992C1FE88500DB36AB /* AppDelegate.swift */ = {isa = PBXFileReference; lastKnownFileType = sourcecode.swift; path = AppDelegate.swift; sourceTree = "<group>"; };
		8D90809B2C1FE88500DB36AB /* SceneDelegate.swift */ = {isa = PBXFileReference; lastKnownFileType = sourcecode.swift; path = SceneDelegate.swift; sourceTree = "<group>"; };
		8D9080A02C1FE88500DB36AB /* Base */ = {isa = PBXFileReference; lastKnownFileType = file.storyboard; name = Base; path = Base.lproj/Main.storyboard; sourceTree = "<group>"; };
		8D9080A22C1FE88900DB36AB /* Assets.xcassets */ = {isa = PBXFileReference; lastKnownFileType = folder.assetcatalog; path = Assets.xcassets; sourceTree = "<group>"; };
		8D9080A52C1FE88900DB36AB /* Base */ = {isa = PBXFileReference; lastKnownFileType = file.storyboard; name = Base; path = Base.lproj/LaunchScreen.storyboard; sourceTree = "<group>"; };
		8D9080A72C1FE88900DB36AB /* Info.plist */ = {isa = PBXFileReference; lastKnownFileType = text.plist.xml; path = Info.plist; sourceTree = "<group>"; };
		8D9080AD2C1FEA5700DB36AB /* Colors.swift */ = {isa = PBXFileReference; fileEncoding = 4; lastKnownFileType = sourcecode.swift; path = Colors.swift; sourceTree = "<group>"; };
		8D9080AF2C1FEA5D00DB36AB /* FlashcardsVC.swift */ = {isa = PBXFileReference; fileEncoding = 4; lastKnownFileType = sourcecode.swift; path = FlashcardsVC.swift; sourceTree = "<group>"; };
		8D9080B12C1FEA6600DB36AB /* MainPage.swift */ = {isa = PBXFileReference; fileEncoding = 4; lastKnownFileType = sourcecode.swift; path = MainPage.swift; sourceTree = "<group>"; };
		8D9080B32C1FEA7800DB36AB /* SetsVC.swift */ = {isa = PBXFileReference; fileEncoding = 4; lastKnownFileType = sourcecode.swift; path = SetsVC.swift; sourceTree = "<group>"; };
		8D9080B52C1FEA8000DB36AB /* StandardLearnVC.swift */ = {isa = PBXFileReference; fileEncoding = 4; lastKnownFileType = sourcecode.swift; path = StandardLearnVC.swift; sourceTree = "<group>"; };
		8D9080B72C1FEA8400DB36AB /* StandardSetVC.swift */ = {isa = PBXFileReference; fileEncoding = 4; lastKnownFileType = sourcecode.swift; path = StandardSetVC.swift; sourceTree = "<group>"; };
		8D9080B92C1FEA8700DB36AB /* ViewController.swift */ = {isa = PBXFileReference; fileEncoding = 4; lastKnownFileType = sourcecode.swift; name = ViewController.swift; path = ../../StudyApp/StudyApp/ViewController.swift; sourceTree = "<group>"; };
		8D9080BB2C1FEA9D00DB36AB /* WebEditorVC.swift */ = {isa = PBXFileReference; fileEncoding = 4; lastKnownFileType = sourcecode.swift; path = WebEditorVC.swift; sourceTree = "<group>"; };
		8D9080BD2C1FEAA100DB36AB /* WebSetVC.swift */ = {isa = PBXFileReference; fileEncoding = 4; lastKnownFileType = sourcecode.swift; path = WebSetVC.swift; sourceTree = "<group>"; };
		8D9080BF2C1FEAA600DB36AB /* DrawingEditorVC.swift */ = {isa = PBXFileReference; fileEncoding = 4; lastKnownFileType = sourcecode.swift; path = DrawingEditorVC.swift; sourceTree = "<group>"; };
		8D9080C12C1FEAAB00DB36AB /* layout.swift */ = {isa = PBXFileReference; fileEncoding = 4; lastKnownFileType = sourcecode.swift; path = layout.swift; sourceTree = "<group>"; };
		8D9080C32C1FEAAE00DB36AB /* NewSetVC.swift */ = {isa = PBXFileReference; fileEncoding = 4; lastKnownFileType = sourcecode.swift; path = NewSetVC.swift; sourceTree = "<group>"; };
		8D9080C52C1FEAB400DB36AB /* SettingsVC.swift */ = {isa = PBXFileReference; fileEncoding = 4; lastKnownFileType = sourcecode.swift; path = SettingsVC.swift; sourceTree = "<group>"; };
		8D9080C72C1FEAB700DB36AB /* StandardEditorVC.swift */ = {isa = PBXFileReference; fileEncoding = 4; lastKnownFileType = sourcecode.swift; path = StandardEditorVC.swift; sourceTree = "<group>"; };
		8D9080C92C1FEABB00DB36AB /* WebStudyVC.swift */ = {isa = PBXFileReference; fileEncoding = 4; lastKnownFileType = sourcecode.swift; path = WebStudyVC.swift; sourceTree = "<group>"; };
		8D9080CB2C1FEABF00DB36AB /* WebTermEditorVC.swift */ = {isa = PBXFileReference; fileEncoding = 4; lastKnownFileType = sourcecode.swift; path = WebTermEditorVC.swift; sourceTree = "<group>"; };
		8D9080CD2C1FEAC200DB36AB /* WebViewerVC.swift */ = {isa = PBXFileReference; fileEncoding = 4; lastKnownFileType = sourcecode.swift; path = WebViewerVC.swift; sourceTree = "<group>"; };
		8DCF23D72C207D2200B0DFA6 /* LilGrotesk[wght].ttf */ = {isa = PBXFileReference; lastKnownFileType = file; name = "LilGrotesk[wght].ttf"; path = "../../../Downloads/LilGrotesk[wght].ttf"; sourceTree = "<group>"; };
		8DCF23E22C2082BB00B0DFA6 /* NewUserVC.swift */ = {isa = PBXFileReference; lastKnownFileType = sourcecode.swift; path = NewUserVC.swift; sourceTree = "<group>"; };
		8DE6FA2E2C21DA93004E0C58 /* GoogleService-Info.plist */ = {isa = PBXFileReference; fileEncoding = 4; lastKnownFileType = text.plist.xml; path = "GoogleService-Info.plist"; sourceTree = "<group>"; };
/* End PBXFileReference section */

/* Begin PBXFrameworksBuildPhase section */
		8D9080932C1FE88500DB36AB /* Frameworks */ = {
			isa = PBXFrameworksBuildPhase;
			buildActionMask = 2147483647;
			files = (
				8DCF23DB2C2081B200B0DFA6 /* FirebaseAuth in Frameworks */,
				8DCF23E12C2081B200B0DFA6 /* FirebaseStorage in Frameworks */,
				8DCF23DD2C2081B200B0DFA6 /* FirebaseFirestore in Frameworks */,
				8DCF23DF2C2081B200B0DFA6 /* FirebaseFirestoreSwift in Frameworks */,
			);
			runOnlyForDeploymentPostprocessing = 0;
		};
/* End PBXFrameworksBuildPhase section */

/* Begin PBXGroup section */
		8D90808D2C1FE88500DB36AB = {
			isa = PBXGroup;
			children = (
				8D9080982C1FE88500DB36AB /* Dendritic Learning */,
				8D9080972C1FE88500DB36AB /* Products */,
			);
			sourceTree = "<group>";
		};
		8D9080972C1FE88500DB36AB /* Products */ = {
			isa = PBXGroup;
			children = (
				8D9080962C1FE88500DB36AB /* Dendritic Learning.app */,
			);
			name = Products;
			sourceTree = "<group>";
		};
		8D9080982C1FE88500DB36AB /* Dendritic Learning */ = {
			isa = PBXGroup;
			children = (
				8DE6FA2E2C21DA93004E0C58 /* GoogleService-Info.plist */,
				8DCF23D72C207D2200B0DFA6 /* LilGrotesk[wght].ttf */,
				8D9080992C1FE88500DB36AB /* AppDelegate.swift */,
				8D90809B2C1FE88500DB36AB /* SceneDelegate.swift */,
				8D90809F2C1FE88500DB36AB /* Main.storyboard */,
				8D9080A22C1FE88900DB36AB /* Assets.xcassets */,
				8D9080A42C1FE88900DB36AB /* LaunchScreen.storyboard */,
				8D9080A72C1FE88900DB36AB /* Info.plist */,
				8D9080AD2C1FEA5700DB36AB /* Colors.swift */,
				8D9080AF2C1FEA5D00DB36AB /* FlashcardsVC.swift */,
				8D9080B12C1FEA6600DB36AB /* MainPage.swift */,
				8D9080B32C1FEA7800DB36AB /* SetsVC.swift */,
				8D9080B52C1FEA8000DB36AB /* StandardLearnVC.swift */,
				8D9080B72C1FEA8400DB36AB /* StandardSetVC.swift */,
				8D9080B92C1FEA8700DB36AB /* ViewController.swift */,
				8D9080BB2C1FEA9D00DB36AB /* WebEditorVC.swift */,
				8D9080BD2C1FEAA100DB36AB /* WebSetVC.swift */,
				8D9080BF2C1FEAA600DB36AB /* DrawingEditorVC.swift */,
				8D9080C12C1FEAAB00DB36AB /* layout.swift */,
				8D9080C32C1FEAAE00DB36AB /* NewSetVC.swift */,
				8D9080C52C1FEAB400DB36AB /* SettingsVC.swift */,
				8D9080C72C1FEAB700DB36AB /* StandardEditorVC.swift */,
				8D9080C92C1FEABB00DB36AB /* WebStudyVC.swift */,
				8D9080CB2C1FEABF00DB36AB /* WebTermEditorVC.swift */,
				8D9080CD2C1FEAC200DB36AB /* WebViewerVC.swift */,
				8DCF23E22C2082BB00B0DFA6 /* NewUserVC.swift */,
			);
			path = "Dendritic Learning";
			sourceTree = "<group>";
		};
/* End PBXGroup section */

/* Begin PBXNativeTarget section */
		8D9080952C1FE88500DB36AB /* Dendritic Learning */ = {
			isa = PBXNativeTarget;
			buildConfigurationList = 8D9080AA2C1FE88900DB36AB /* Build configuration list for PBXNativeTarget "Dendritic Learning" */;
			buildPhases = (
				8D9080922C1FE88500DB36AB /* Sources */,
				8D9080932C1FE88500DB36AB /* Frameworks */,
				8D9080942C1FE88500DB36AB /* Resources */,
			);
			buildRules = (
			);
			dependencies = (
			);
			name = "Dendritic Learning";
			packageProductDependencies = (
				8DCF23DA2C2081B200B0DFA6 /* FirebaseAuth */,
				8DCF23DC2C2081B200B0DFA6 /* FirebaseFirestore */,
				8DCF23DE2C2081B200B0DFA6 /* FirebaseFirestoreSwift */,
				8DCF23E02C2081B200B0DFA6 /* FirebaseStorage */,
			);
			productName = "Dendritic Learning";
			productReference = 8D9080962C1FE88500DB36AB /* Dendritic Learning.app */;
			productType = "com.apple.product-type.application";
		};
/* End PBXNativeTarget section */

/* Begin PBXProject section */
		8D90808E2C1FE88500DB36AB /* Project object */ = {
			isa = PBXProject;
			attributes = {
				BuildIndependentTargetsInParallel = 1;
				LastSwiftUpdateCheck = 1500;
				LastUpgradeCheck = 1500;
				TargetAttributes = {
					8D9080952C1FE88500DB36AB = {
						CreatedOnToolsVersion = 15.0;
					};
				};
			};
			buildConfigurationList = 8D9080912C1FE88500DB36AB /* Build configuration list for PBXProject "Dendritic Learning" */;
			compatibilityVersion = "Xcode 14.0";
			developmentRegion = en;
			hasScannedForEncodings = 0;
			knownRegions = (
				en,
				Base,
			);
			mainGroup = 8D90808D2C1FE88500DB36AB;
			packageReferences = (
				8DCF23D92C2081B200B0DFA6 /* XCRemoteSwiftPackageReference "firebase-ios-sdk" */,
			);
			productRefGroup = 8D9080972C1FE88500DB36AB /* Products */;
			projectDirPath = "";
			projectRoot = "";
			targets = (
				8D9080952C1FE88500DB36AB /* Dendritic Learning */,
			);
		};
/* End PBXProject section */

/* Begin PBXResourcesBuildPhase section */
		8D9080942C1FE88500DB36AB /* Resources */ = {
			isa = PBXResourcesBuildPhase;
			buildActionMask = 2147483647;
			files = (
				8D9080A62C1FE88900DB36AB /* LaunchScreen.storyboard in Resources */,
				8D9080A32C1FE88900DB36AB /* Assets.xcassets in Resources */,
				8DE6FA2F2C21DA93004E0C58 /* GoogleService-Info.plist in Resources */,
				8DCF23D82C207D2200B0DFA6 /* LilGrotesk[wght].ttf in Resources */,
				8D9080A12C1FE88500DB36AB /* Main.storyboard in Resources */,
			);
			runOnlyForDeploymentPostprocessing = 0;
		};
/* End PBXResourcesBuildPhase section */

/* Begin PBXSourcesBuildPhase section */
		8D9080922C1FE88500DB36AB /* Sources */ = {
			isa = PBXSourcesBuildPhase;
			buildActionMask = 2147483647;
			files = (
				8DCF23E32C2082BB00B0DFA6 /* NewUserVC.swift in Sources */,
				8D9080CE2C1FEAC200DB36AB /* WebViewerVC.swift in Sources */,
				8D9080C42C1FEAAF00DB36AB /* NewSetVC.swift in Sources */,
				8D9080C02C1FEAA600DB36AB /* DrawingEditorVC.swift in Sources */,
				8D9080C82C1FEAB700DB36AB /* StandardEditorVC.swift in Sources */,
				8D9080BC2C1FEA9E00DB36AB /* WebEditorVC.swift in Sources */,
				8D9080BA2C1FEA8700DB36AB /* ViewController.swift in Sources */,
				8D9080BE2C1FEAA100DB36AB /* WebSetVC.swift in Sources */,
				8D9080AE2C1FEA5700DB36AB /* Colors.swift in Sources */,
				8D9080C22C1FEAAB00DB36AB /* layout.swift in Sources */,
				8D9080B42C1FEA7800DB36AB /* SetsVC.swift in Sources */,
				8D9080B02C1FEA5D00DB36AB /* FlashcardsVC.swift in Sources */,
				8D9080CC2C1FEABF00DB36AB /* WebTermEditorVC.swift in Sources */,
				8D9080B82C1FEA8400DB36AB /* StandardSetVC.swift in Sources */,
				8D9080B62C1FEA8000DB36AB /* StandardLearnVC.swift in Sources */,
				8D90809A2C1FE88500DB36AB /* AppDelegate.swift in Sources */,
				8D9080CA2C1FEABB00DB36AB /* WebStudyVC.swift in Sources */,
				8D90809C2C1FE88500DB36AB /* SceneDelegate.swift in Sources */,
				8D9080B22C1FEA6600DB36AB /* MainPage.swift in Sources */,
				8D9080C62C1FEAB400DB36AB /* SettingsVC.swift in Sources */,
			);
			runOnlyForDeploymentPostprocessing = 0;
		};
/* End PBXSourcesBuildPhase section */

/* Begin PBXVariantGroup section */
		8D90809F2C1FE88500DB36AB /* Main.storyboard */ = {
			isa = PBXVariantGroup;
			children = (
				8D9080A02C1FE88500DB36AB /* Base */,
			);
			name = Main.storyboard;
			sourceTree = "<group>";
		};
		8D9080A42C1FE88900DB36AB /* LaunchScreen.storyboard */ = {
			isa = PBXVariantGroup;
			children = (
				8D9080A52C1FE88900DB36AB /* Base */,
			);
			name = LaunchScreen.storyboard;
			sourceTree = "<group>";
		};
/* End PBXVariantGroup section */

/* Begin XCBuildConfiguration section */
		8D9080A82C1FE88900DB36AB /* Debug */ = {
			isa = XCBuildConfiguration;
			buildSettings = {
				ALWAYS_SEARCH_USER_PATHS = NO;
				ASSETCATALOG_COMPILER_GENERATE_SWIFT_ASSET_SYMBOL_EXTENSIONS = YES;
				CLANG_ANALYZER_NONNULL = YES;
				CLANG_ANALYZER_NUMBER_OBJECT_CONVERSION = YES_AGGRESSIVE;
				CLANG_CXX_LANGUAGE_STANDARD = "gnu++20";
				CLANG_ENABLE_MODULES = YES;
				CLANG_ENABLE_OBJC_ARC = YES;
				CLANG_ENABLE_OBJC_WEAK = YES;
				CLANG_WARN_BLOCK_CAPTURE_AUTORELEASING = YES;
				CLANG_WARN_BOOL_CONVERSION = YES;
				CLANG_WARN_COMMA = YES;
				CLANG_WARN_CONSTANT_CONVERSION = YES;
				CLANG_WARN_DEPRECATED_OBJC_IMPLEMENTATIONS = YES;
				CLANG_WARN_DIRECT_OBJC_ISA_USAGE = YES_ERROR;
				CLANG_WARN_DOCUMENTATION_COMMENTS = YES;
				CLANG_WARN_EMPTY_BODY = YES;
				CLANG_WARN_ENUM_CONVERSION = YES;
				CLANG_WARN_INFINITE_RECURSION = YES;
				CLANG_WARN_INT_CONVERSION = YES;
				CLANG_WARN_NON_LITERAL_NULL_CONVERSION = YES;
				CLANG_WARN_OBJC_IMPLICIT_RETAIN_SELF = YES;
				CLANG_WARN_OBJC_LITERAL_CONVERSION = YES;
				CLANG_WARN_OBJC_ROOT_CLASS = YES_ERROR;
				CLANG_WARN_QUOTED_INCLUDE_IN_FRAMEWORK_HEADER = YES;
				CLANG_WARN_RANGE_LOOP_ANALYSIS = YES;
				CLANG_WARN_STRICT_PROTOTYPES = YES;
				CLANG_WARN_SUSPICIOUS_MOVE = YES;
				CLANG_WARN_UNGUARDED_AVAILABILITY = YES_AGGRESSIVE;
				CLANG_WARN_UNREACHABLE_CODE = YES;
				CLANG_WARN__DUPLICATE_METHOD_MATCH = YES;
				COPY_PHASE_STRIP = NO;
				DEBUG_INFORMATION_FORMAT = dwarf;
				ENABLE_STRICT_OBJC_MSGSEND = YES;
				ENABLE_TESTABILITY = YES;
				ENABLE_USER_SCRIPT_SANDBOXING = YES;
				GCC_C_LANGUAGE_STANDARD = gnu17;
				GCC_DYNAMIC_NO_PIC = NO;
				GCC_NO_COMMON_BLOCKS = YES;
				GCC_OPTIMIZATION_LEVEL = 0;
				GCC_PREPROCESSOR_DEFINITIONS = (
					"DEBUG=1",
					"$(inherited)",
				);
				GCC_WARN_64_TO_32_BIT_CONVERSION = YES;
				GCC_WARN_ABOUT_RETURN_TYPE = YES_ERROR;
				GCC_WARN_UNDECLARED_SELECTOR = YES;
				GCC_WARN_UNINITIALIZED_AUTOS = YES_AGGRESSIVE;
				GCC_WARN_UNUSED_FUNCTION = YES;
				GCC_WARN_UNUSED_VARIABLE = YES;
				IPHONEOS_DEPLOYMENT_TARGET = 17.0;
				LOCALIZATION_PREFERS_STRING_CATALOGS = YES;
				MTL_ENABLE_DEBUG_INFO = INCLUDE_SOURCE;
				MTL_FAST_MATH = YES;
				ONLY_ACTIVE_ARCH = YES;
				SDKROOT = iphoneos;
				SWIFT_ACTIVE_COMPILATION_CONDITIONS = "DEBUG $(inherited)";
				SWIFT_OPTIMIZATION_LEVEL = "-Onone";
			};
			name = Debug;
		};
		8D9080A92C1FE88900DB36AB /* Release */ = {
			isa = XCBuildConfiguration;
			buildSettings = {
				ALWAYS_SEARCH_USER_PATHS = NO;
				ASSETCATALOG_COMPILER_GENERATE_SWIFT_ASSET_SYMBOL_EXTENSIONS = YES;
				CLANG_ANALYZER_NONNULL = YES;
				CLANG_ANALYZER_NUMBER_OBJECT_CONVERSION = YES_AGGRESSIVE;
				CLANG_CXX_LANGUAGE_STANDARD = "gnu++20";
				CLANG_ENABLE_MODULES = YES;
				CLANG_ENABLE_OBJC_ARC = YES;
				CLANG_ENABLE_OBJC_WEAK = YES;
				CLANG_WARN_BLOCK_CAPTURE_AUTORELEASING = YES;
				CLANG_WARN_BOOL_CONVERSION = YES;
				CLANG_WARN_COMMA = YES;
				CLANG_WARN_CONSTANT_CONVERSION = YES;
				CLANG_WARN_DEPRECATED_OBJC_IMPLEMENTATIONS = YES;
				CLANG_WARN_DIRECT_OBJC_ISA_USAGE = YES_ERROR;
				CLANG_WARN_DOCUMENTATION_COMMENTS = YES;
				CLANG_WARN_EMPTY_BODY = YES;
				CLANG_WARN_ENUM_CONVERSION = YES;
				CLANG_WARN_INFINITE_RECURSION = YES;
				CLANG_WARN_INT_CONVERSION = YES;
				CLANG_WARN_NON_LITERAL_NULL_CONVERSION = YES;
				CLANG_WARN_OBJC_IMPLICIT_RETAIN_SELF = YES;
				CLANG_WARN_OBJC_LITERAL_CONVERSION = YES;
				CLANG_WARN_OBJC_ROOT_CLASS = YES_ERROR;
				CLANG_WARN_QUOTED_INCLUDE_IN_FRAMEWORK_HEADER = YES;
				CLANG_WARN_RANGE_LOOP_ANALYSIS = YES;
				CLANG_WARN_STRICT_PROTOTYPES = YES;
				CLANG_WARN_SUSPICIOUS_MOVE = YES;
				CLANG_WARN_UNGUARDED_AVAILABILITY = YES_AGGRESSIVE;
				CLANG_WARN_UNREACHABLE_CODE = YES;
				CLANG_WARN__DUPLICATE_METHOD_MATCH = YES;
				COPY_PHASE_STRIP = NO;
				DEBUG_INFORMATION_FORMAT = "dwarf-with-dsym";
				ENABLE_NS_ASSERTIONS = NO;
				ENABLE_STRICT_OBJC_MSGSEND = YES;
				ENABLE_USER_SCRIPT_SANDBOXING = YES;
				GCC_C_LANGUAGE_STANDARD = gnu17;
				GCC_NO_COMMON_BLOCKS = YES;
				GCC_WARN_64_TO_32_BIT_CONVERSION = YES;
				GCC_WARN_ABOUT_RETURN_TYPE = YES_ERROR;
				GCC_WARN_UNDECLARED_SELECTOR = YES;
				GCC_WARN_UNINITIALIZED_AUTOS = YES_AGGRESSIVE;
				GCC_WARN_UNUSED_FUNCTION = YES;
				GCC_WARN_UNUSED_VARIABLE = YES;
				IPHONEOS_DEPLOYMENT_TARGET = 17.0;
				LOCALIZATION_PREFERS_STRING_CATALOGS = YES;
				MTL_ENABLE_DEBUG_INFO = NO;
				MTL_FAST_MATH = YES;
				SDKROOT = iphoneos;
				SWIFT_COMPILATION_MODE = wholemodule;
				VALIDATE_PRODUCT = YES;
			};
			name = Release;
		};
		8D9080AB2C1FE88900DB36AB /* Debug */ = {
			isa = XCBuildConfiguration;
			buildSettings = {
				ASSETCATALOG_COMPILER_APPICON_NAME = AppIcon;
				ASSETCATALOG_COMPILER_GLOBAL_ACCENT_COLOR_NAME = AccentColor;
				CODE_SIGN_STYLE = Automatic;
				CURRENT_PROJECT_VERSION = 1;
				DEVELOPMENT_TEAM = 366XTZF564;
				GENERATE_INFOPLIST_FILE = YES;
				INFOPLIST_FILE = "Dendritic Learning/Info.plist";
				INFOPLIST_KEY_CFBundleDisplayName = "Dendritic Learning";
				INFOPLIST_KEY_LSApplicationCategoryType = "public.app-category.education";
				INFOPLIST_KEY_LSSupportsOpeningDocumentsInPlace = YES;
				INFOPLIST_KEY_UIApplicationSupportsIndirectInputEvents = YES;
				INFOPLIST_KEY_UILaunchStoryboardName = LaunchScreen;
				INFOPLIST_KEY_UIMainStoryboardFile = Main;
				INFOPLIST_KEY_UISupportedInterfaceOrientations_iPad = "UIInterfaceOrientationPortrait UIInterfaceOrientationPortraitUpsideDown UIInterfaceOrientationLandscapeLeft UIInterfaceOrientationLandscapeRight";
				INFOPLIST_KEY_UISupportedInterfaceOrientations_iPhone = "UIInterfaceOrientationPortrait UIInterfaceOrientationLandscapeLeft UIInterfaceOrientationLandscapeRight";
				INFOPLIST_KEY_UISupportsDocumentBrowser = YES;
				LD_RUNPATH_SEARCH_PATHS = (
					"$(inherited)",
					"@executable_path/Frameworks",
				);
				MARKETING_VERSION = 1.0;
				PRODUCT_BUNDLE_IDENTIFIER = "com.dendritic-learning.Dendritic-Learning";
				PRODUCT_NAME = "$(TARGET_NAME)";
				SWIFT_EMIT_LOC_STRINGS = YES;
				SWIFT_VERSION = 5.0;
				TARGETED_DEVICE_FAMILY = "1,2";
			};
			name = Debug;
		};
		8D9080AC2C1FE88900DB36AB /* Release */ = {
			isa = XCBuildConfiguration;
			buildSettings = {
				ASSETCATALOG_COMPILER_APPICON_NAME = AppIcon;
				ASSETCATALOG_COMPILER_GLOBAL_ACCENT_COLOR_NAME = AccentColor;
				CODE_SIGN_STYLE = Automatic;
				CURRENT_PROJECT_VERSION = 1;
				DEVELOPMENT_TEAM = 366XTZF564;
				GENERATE_INFOPLIST_FILE = YES;
				INFOPLIST_FILE = "Dendritic Learning/Info.plist";
				INFOPLIST_KEY_CFBundleDisplayName = "Dendritic Learning";
				INFOPLIST_KEY_LSApplicationCategoryType = "public.app-category.education";
				INFOPLIST_KEY_LSSupportsOpeningDocumentsInPlace = YES;
				INFOPLIST_KEY_UIApplicationSupportsIndirectInputEvents = YES;
				INFOPLIST_KEY_UILaunchStoryboardName = LaunchScreen;
				INFOPLIST_KEY_UIMainStoryboardFile = Main;
				INFOPLIST_KEY_UISupportedInterfaceOrientations_iPad = "UIInterfaceOrientationPortrait UIInterfaceOrientationPortraitUpsideDown UIInterfaceOrientationLandscapeLeft UIInterfaceOrientationLandscapeRight";
				INFOPLIST_KEY_UISupportedInterfaceOrientations_iPhone = "UIInterfaceOrientationPortrait UIInterfaceOrientationLandscapeLeft UIInterfaceOrientationLandscapeRight";
				INFOPLIST_KEY_UISupportsDocumentBrowser = YES;
				LD_RUNPATH_SEARCH_PATHS = (
					"$(inherited)",
					"@executable_path/Frameworks",
				);
				MARKETING_VERSION = 1.0;
				PRODUCT_BUNDLE_IDENTIFIER = "com.dendritic-learning.Dendritic-Learning";
				PRODUCT_NAME = "$(TARGET_NAME)";
				SWIFT_EMIT_LOC_STRINGS = YES;
				SWIFT_VERSION = 5.0;
				TARGETED_DEVICE_FAMILY = "1,2";
			};
			name = Release;
		};
/* End XCBuildConfiguration section */

/* Begin XCConfigurationList section */
		8D9080912C1FE88500DB36AB /* Build configuration list for PBXProject "Dendritic Learning" */ = {
			isa = XCConfigurationList;
			buildConfigurations = (
				8D9080A82C1FE88900DB36AB /* Debug */,
				8D9080A92C1FE88900DB36AB /* Release */,
			);
			defaultConfigurationIsVisible = 0;
			defaultConfigurationName = Release;
		};
		8D9080AA2C1FE88900DB36AB /* Build configuration list for PBXNativeTarget "Dendritic Learning" */ = {
			isa = XCConfigurationList;
			buildConfigurations = (
				8D9080AB2C1FE88900DB36AB /* Debug */,
				8D9080AC2C1FE88900DB36AB /* Release */,
			);
			defaultConfigurationIsVisible = 0;
			defaultConfigurationName = Release;
		};
/* End XCConfigurationList section */

/* Begin XCRemoteSwiftPackageReference section */
		8DCF23D92C2081B200B0DFA6 /* XCRemoteSwiftPackageReference "firebase-ios-sdk" */ = {
			isa = XCRemoteSwiftPackageReference;
			repositoryURL = "https://github.com/firebase/firebase-ios-sdk";
			requirement = {
				kind = upToNextMajorVersion;
				minimumVersion = 10.27.0;
			};
		};
/* End XCRemoteSwiftPackageReference section */

/* Begin XCSwiftPackageProductDependency section */
		8DCF23DA2C2081B200B0DFA6 /* FirebaseAuth */ = {
			isa = XCSwiftPackageProductDependency;
			package = 8DCF23D92C2081B200B0DFA6 /* XCRemoteSwiftPackageReference "firebase-ios-sdk" */;
			productName = FirebaseAuth;
		};
		8DCF23DC2C2081B200B0DFA6 /* FirebaseFirestore */ = {
			isa = XCSwiftPackageProductDependency;
			package = 8DCF23D92C2081B200B0DFA6 /* XCRemoteSwiftPackageReference "firebase-ios-sdk" */;
			productName = FirebaseFirestore;
		};
		8DCF23DE2C2081B200B0DFA6 /* FirebaseFirestoreSwift */ = {
			isa = XCSwiftPackageProductDependency;
			package = 8DCF23D92C2081B200B0DFA6 /* XCRemoteSwiftPackageReference "firebase-ios-sdk" */;
			productName = FirebaseFirestoreSwift;
		};
		8DCF23E02C2081B200B0DFA6 /* FirebaseStorage */ = {
			isa = XCSwiftPackageProductDependency;
			package = 8DCF23D92C2081B200B0DFA6 /* XCRemoteSwiftPackageReference "firebase-ios-sdk" */;
			productName = FirebaseStorage;
		};
/* End XCSwiftPackageProductDependency section */
	};
	rootObject = 8D90808E2C1FE88500DB36AB /* Project object */;
}
